{
  "name": "stevenslifting",
  "lockfileVersion": 2,
  "requires": true,
  "packages": {
    "": {
      "devDependencies": {
        "hello-week": "^2.13.0"
      }
    },
    "node_modules/hello-week": {
      "version": "2.13.0",
      "resolved": "https://registry.npmjs.org/hello-week/-/hello-week-2.13.0.tgz",
      "integrity": "sha512-ZdP7Z1KzpMsz4Y5ubYBPmOp+Fe6Pnu9PSgueQnhUDqHTDO5SesnJSNEwvWpgj4FGy3YvLxF/zqW9WCULExMHMQ==",
      "dev": true
    }
  },
  "dependencies": {
    "hello-week": {
      "version": "2.13.0",
      "resolved": "https://registry.npmjs.org/hello-week/-/hello-week-2.13.0.tgz",
      "integrity": "sha512-ZdP7Z1KzpMsz4Y5ubYBPmOp+Fe6Pnu9PSgueQnhUDqHTDO5SesnJSNEwvWpgj4FGy3YvLxF/zqW9WCULExMHMQ==",
      "dev": true
    }
  }
}
